
Microsoft Visual Studio Solution File, Format Version 12.00
# Visual Studio Version 16
VisualStudioVersion = 25.0.1700.0
MinimumVisualStudioVersion = 10.0.40219.1
Project("{FAE04EC0-301F-11D3-BF4B-00C04F79EFBC}") = "test2", "task2\task2.csproj", "{CE6028FF-F3CB-4321-AA12-9B52EF234E6C}"
EndProject
Project("{FAE04EC0-301F-11D3-BF4B-00C04F79EFBC}") = "task1", "task1\task1.csproj", "{9260FF8C-7290-4704-9D45-72A4D6C61FDE}"
EndProject
Global
	GlobalSection(SolutionConfigurationPlatforms) = preSolution
		Debug|Any CPU = Debug|Any CPU
		Release|Any CPU = Release|Any CPU
	EndGlobalSection
	GlobalSection(ProjectConfigurationPlatforms) = postSolution
		{CE6028FF-F3CB-4321-AA12-9B52EF234E6C}.Debug|Any CPU.ActiveCfg = Debug|Any CPU
		{CE6028FF-F3CB-4321-AA12-9B52EF234E6C}.Debug|Any CPU.Build.0 = Debug|Any CPU
		{CE6028FF-F3CB-4321-AA12-9B52EF234E6C}.Release|Any CPU.ActiveCfg = Release|Any CPU
		{CE6028FF-F3CB-4321-AA12-9B52EF234E6C}.Release|Any CPU.Build.0 = Release|Any CPU
		{9260FF8C-7290-4704-9D45-72A4D6C61FDE}.Debug|Any CPU.ActiveCfg = Debug|Any CPU
		{9260FF8C-7290-4704-9D45-72A4D6C61FDE}.Debug|Any CPU.Build.0 = Debug|Any CPU
		{9260FF8C-7290-4704-9D45-72A4D6C61FDE}.Release|Any CPU.ActiveCfg = Release|Any CPU
		{9260FF8C-7290-4704-9D45-72A4D6C61FDE}.Release|Any CPU.Build.0 = Release|Any CPU
	EndGlobalSection
	GlobalSection(SolutionProperties) = preSolution
		HideSolutionNode = FALSE
	EndGlobalSection
	GlobalSection(ExtensibilityGlobals) = postSolution
		SolutionGuid = {D4B43931-53D9-4C30-A24D-8AA8F53AE2D7}
	EndGlobalSection
EndGlobal
