
Microsoft Visual Studio Solution File, Format Version 12.00
# Visual Studio Version 16
VisualStudioVersion = 25.0.1700.0
MinimumVisualStudioVersion = 10.0.40219.1
Project("{FAE04EC0-301F-11D3-BF4B-00C04F79EFBC}") = "task2", "task2\task2.csproj", "{CE6028FF-F3CB-4321-AA12-9B52EF234E6C}"
EndProject
Project("{FAE04EC0-301F-11D3-BF4B-00C04F79EFBC}") = "task1", "task1\task1.csproj", "{9260FF8C-7290-4704-9D45-72A4D6C61FDE}"
EndProject
Project("{FAE04EC0-301F-11D3-BF4B-00C04F79EFBC}") = "task2ex2", "task2ex2\task2ex2.csproj", "{FE74FC88-4BB4-403A-B7CB-C26DB3998F69}"
EndProject
Project("{FAE04EC0-301F-11D3-BF4B-00C04F79EFBC}") = "task3", "task3\task3.csproj", "{7B9D7F26-4E50-41B6-9FAC-0FF7DA363C6A}"
EndProject
Project("{FAE04EC0-301F-11D3-BF4B-00C04F79EFBC}") = "task4", "task4\task4.csproj", "{33AE5B1B-78D4-4FA9-B5B3-6E039C2CA698}"
EndProject
Project("{FAE04EC0-301F-11D3-BF4B-00C04F79EFBC}") = "task5", "task5\task5.csproj", "{D0E039D6-A410-4DD3-8E6E-D7D9C4B60431}"
EndProject
Project("{FAE04EC0-301F-11D3-BF4B-00C04F79EFBC}") = "Lesson6", "Lesson6\Lesson6.csproj", "{3433D8DF-5DF6-4378-92B3-805008F5728B}"
EndProject
Project("{FAE04EC0-301F-11D3-BF4B-00C04F79EFBC}") = "task6", "task6\task6.csproj", "{19F9596B-2E84-44FA-8208-894E9406C4C5}"
EndProject
Project("{FAE04EC0-301F-11D3-BF4B-00C04F79EFBC}") = "Lesson7", "Lesson7\Lesson7.csproj", "{BD89398E-6C40-4CA5-820C-4B9CE3A0A682}"
EndProject
Project("{FAE04EC0-301F-11D3-BF4B-00C04F79EFBC}") = "task6ex2", "task6ex2\task6ex2.csproj", "{7E2E23C1-CCED-43F8-8A16-B2D897B8F96C}"
EndProject
Project("{FAE04EC0-301F-11D3-BF4B-00C04F79EFBC}") = "task7", "task7\task7.csproj", "{890B0A17-7859-49BA-82BC-C54723D3D7CE}"
EndProject
Project("{FAE04EC0-301F-11D3-BF4B-00C04F79EFBC}") = "task8", "task8\task8.csproj", "{06F7537C-22A1-46A9-9FC1-73A422C09BC0}"
EndProject
Global
	GlobalSection(SolutionConfigurationPlatforms) = preSolution
		Debug|Any CPU = Debug|Any CPU
		Release|Any CPU = Release|Any CPU
	EndGlobalSection
	GlobalSection(ProjectConfigurationPlatforms) = postSolution
		{CE6028FF-F3CB-4321-AA12-9B52EF234E6C}.Debug|Any CPU.ActiveCfg = Debug|Any CPU
		{CE6028FF-F3CB-4321-AA12-9B52EF234E6C}.Debug|Any CPU.Build.0 = Debug|Any CPU
		{CE6028FF-F3CB-4321-AA12-9B52EF234E6C}.Release|Any CPU.ActiveCfg = Release|Any CPU
		{CE6028FF-F3CB-4321-AA12-9B52EF234E6C}.Release|Any CPU.Build.0 = Release|Any CPU
		{9260FF8C-7290-4704-9D45-72A4D6C61FDE}.Debug|Any CPU.ActiveCfg = Debug|Any CPU
		{9260FF8C-7290-4704-9D45-72A4D6C61FDE}.Debug|Any CPU.Build.0 = Debug|Any CPU
		{9260FF8C-7290-4704-9D45-72A4D6C61FDE}.Release|Any CPU.ActiveCfg = Release|Any CPU
		{9260FF8C-7290-4704-9D45-72A4D6C61FDE}.Release|Any CPU.Build.0 = Release|Any CPU
		{FE74FC88-4BB4-403A-B7CB-C26DB3998F69}.Debug|Any CPU.ActiveCfg = Debug|Any CPU
		{FE74FC88-4BB4-403A-B7CB-C26DB3998F69}.Debug|Any CPU.Build.0 = Debug|Any CPU
		{FE74FC88-4BB4-403A-B7CB-C26DB3998F69}.Release|Any CPU.ActiveCfg = Release|Any CPU
		{FE74FC88-4BB4-403A-B7CB-C26DB3998F69}.Release|Any CPU.Build.0 = Release|Any CPU
		{7B9D7F26-4E50-41B6-9FAC-0FF7DA363C6A}.Debug|Any CPU.ActiveCfg = Debug|Any CPU
		{7B9D7F26-4E50-41B6-9FAC-0FF7DA363C6A}.Debug|Any CPU.Build.0 = Debug|Any CPU
		{7B9D7F26-4E50-41B6-9FAC-0FF7DA363C6A}.Release|Any CPU.ActiveCfg = Release|Any CPU
		{7B9D7F26-4E50-41B6-9FAC-0FF7DA363C6A}.Release|Any CPU.Build.0 = Release|Any CPU
		{33AE5B1B-78D4-4FA9-B5B3-6E039C2CA698}.Debug|Any CPU.ActiveCfg = Debug|Any CPU
		{33AE5B1B-78D4-4FA9-B5B3-6E039C2CA698}.Debug|Any CPU.Build.0 = Debug|Any CPU
		{33AE5B1B-78D4-4FA9-B5B3-6E039C2CA698}.Release|Any CPU.ActiveCfg = Release|Any CPU
		{33AE5B1B-78D4-4FA9-B5B3-6E039C2CA698}.Release|Any CPU.Build.0 = Release|Any CPU
		{D0E039D6-A410-4DD3-8E6E-D7D9C4B60431}.Debug|Any CPU.ActiveCfg = Debug|Any CPU
		{D0E039D6-A410-4DD3-8E6E-D7D9C4B60431}.Debug|Any CPU.Build.0 = Debug|Any CPU
		{D0E039D6-A410-4DD3-8E6E-D7D9C4B60431}.Release|Any CPU.ActiveCfg = Release|Any CPU
		{D0E039D6-A410-4DD3-8E6E-D7D9C4B60431}.Release|Any CPU.Build.0 = Release|Any CPU
		{3433D8DF-5DF6-4378-92B3-805008F5728B}.Debug|Any CPU.ActiveCfg = Debug|Any CPU
		{3433D8DF-5DF6-4378-92B3-805008F5728B}.Debug|Any CPU.Build.0 = Debug|Any CPU
		{3433D8DF-5DF6-4378-92B3-805008F5728B}.Release|Any CPU.ActiveCfg = Release|Any CPU
		{3433D8DF-5DF6-4378-92B3-805008F5728B}.Release|Any CPU.Build.0 = Release|Any CPU
		{19F9596B-2E84-44FA-8208-894E9406C4C5}.Debug|Any CPU.ActiveCfg = Debug|Any CPU
		{19F9596B-2E84-44FA-8208-894E9406C4C5}.Debug|Any CPU.Build.0 = Debug|Any CPU
		{19F9596B-2E84-44FA-8208-894E9406C4C5}.Release|Any CPU.ActiveCfg = Release|Any CPU
		{19F9596B-2E84-44FA-8208-894E9406C4C5}.Release|Any CPU.Build.0 = Release|Any CPU
		{BD89398E-6C40-4CA5-820C-4B9CE3A0A682}.Debug|Any CPU.ActiveCfg = Debug|Any CPU
		{BD89398E-6C40-4CA5-820C-4B9CE3A0A682}.Debug|Any CPU.Build.0 = Debug|Any CPU
		{BD89398E-6C40-4CA5-820C-4B9CE3A0A682}.Release|Any CPU.ActiveCfg = Release|Any CPU
		{BD89398E-6C40-4CA5-820C-4B9CE3A0A682}.Release|Any CPU.Build.0 = Release|Any CPU
		{7E2E23C1-CCED-43F8-8A16-B2D897B8F96C}.Debug|Any CPU.ActiveCfg = Debug|Any CPU
		{7E2E23C1-CCED-43F8-8A16-B2D897B8F96C}.Debug|Any CPU.Build.0 = Debug|Any CPU
		{7E2E23C1-CCED-43F8-8A16-B2D897B8F96C}.Release|Any CPU.ActiveCfg = Release|Any CPU
		{7E2E23C1-CCED-43F8-8A16-B2D897B8F96C}.Release|Any CPU.Build.0 = Release|Any CPU
		{890B0A17-7859-49BA-82BC-C54723D3D7CE}.Debug|Any CPU.ActiveCfg = Debug|Any CPU
		{890B0A17-7859-49BA-82BC-C54723D3D7CE}.Debug|Any CPU.Build.0 = Debug|Any CPU
		{890B0A17-7859-49BA-82BC-C54723D3D7CE}.Release|Any CPU.ActiveCfg = Release|Any CPU
		{890B0A17-7859-49BA-82BC-C54723D3D7CE}.Release|Any CPU.Build.0 = Release|Any CPU
		{06F7537C-22A1-46A9-9FC1-73A422C09BC0}.Debug|Any CPU.ActiveCfg = Debug|Any CPU
		{06F7537C-22A1-46A9-9FC1-73A422C09BC0}.Debug|Any CPU.Build.0 = Debug|Any CPU
		{06F7537C-22A1-46A9-9FC1-73A422C09BC0}.Release|Any CPU.ActiveCfg = Release|Any CPU
		{06F7537C-22A1-46A9-9FC1-73A422C09BC0}.Release|Any CPU.Build.0 = Release|Any CPU
	EndGlobalSection
	GlobalSection(SolutionProperties) = preSolution
		HideSolutionNode = FALSE
	EndGlobalSection
	GlobalSection(ExtensibilityGlobals) = postSolution
		SolutionGuid = {D4B43931-53D9-4C30-A24D-8AA8F53AE2D7}
	EndGlobalSection
	GlobalSection(MonoDevelopProperties) = preSolution
		Policies = $0
		$0.VersionControlPolicy = $1
	EndGlobalSection
EndGlobal
